
Microsoft Visual Studio Solution File, Format Version 12.00
Project("{FAE04EC0-301F-11D3-BF4B-00C04F79EFBC}") = "LinkedList", "LinkedList\LinkedList.csproj", "{05372F45-2357-43CF-A3BD-35987700CBE0}"
EndProject
Project("{FAE04EC0-301F-11D3-BF4B-00C04F79EFBC}") = "DoublyLinkedLists", "DoublyLinkedLists\DoublyLinkedLists.csproj", "{7722093B-B15C-4041-A754-78D165CF4B28}"
EndProject
Project("{FAE04EC0-301F-11D3-BF4B-00C04F79EFBC}") = "Stack", "Stack\Stack.csproj", "{2EDFF4C2-EEC6-4934-BC2A-1CCD05C3A5BA}"
EndProject
Project("{FAE04EC0-301F-11D3-BF4B-00C04F79EFBC}") = "Queue", "Queue\Queue.csproj", "{339FCBBC-6FA0-4715-9C8B-A4AE8099C8A2}"
EndProject
Project("{FAE04EC0-301F-11D3-BF4B-00C04F79EFBC}") = "BinarySearchTree", "BinarySearchTree\BinarySearchTree.csproj", "{FD3CF18D-18DB-4AE4-917C-F135124D636E}"
EndProject
Project("{FAE04EC0-301F-11D3-BF4B-00C04F79EFBC}") = "HashTable", "HashTable\HashTable.csproj", "{21AEBD49-FBEC-4CFC-A9C6-7EE6008B4911}"
EndProject
Project("{FAE04EC0-301F-11D3-BF4B-00C04F79EFBC}") = "Graphs", "Graphs\Graphs.csproj", "{9B52EEFE-6045-4195-AEC4-974BF980BCA4}"
EndProject
Project("{FAE04EC0-301F-11D3-BF4B-00C04F79EFBC}") = "Heap", "Heap\Heap.csproj", "{0DA8E547-8DA0-4D76-AAF8-189EDE982F61}"
EndProject
Project("{FAE04EC0-301F-11D3-BF4B-00C04F79EFBC}") = "Factorial", "Factorial\Factorial.csproj", "{8A2849A6-45E8-4FE0-BFBB-D10F06BCECF0}"
EndProject
Project("{FAE04EC0-301F-11D3-BF4B-00C04F79EFBC}") = "BasicSorting", "BasicSorting\BasicSorting.csproj", "{82F40919-BD65-4C15-B624-8993A7E63891}"
EndProject
Project("{FAE04EC0-301F-11D3-BF4B-00C04F79EFBC}") = "MergeSort", "MergeSort\MergeSort.csproj", "{5DDE2B1D-624A-4349-905A-3B7BA95BCE42}"
EndProject
Project("{FAE04EC0-301F-11D3-BF4B-00C04F79EFBC}") = "QuickSort", "QuickSort\QuickSort.csproj", "{7A30314C-D62B-4A24-AAE4-CDECED15B46C}"
EndProject
Project("{FAE04EC0-301F-11D3-BF4B-00C04F79EFBC}") = "QuickSortOptimized", "QuickSortOptimized\QuickSortOptimized.csproj", "{310EA8C3-4130-4817-99F3-C7BDE310336F}"
EndProject
Project("{FAE04EC0-301F-11D3-BF4B-00C04F79EFBC}") = "MergeSortOptimized", "MergeSortOptimized\MergeSortOptimized.csproj", "{597FB771-2828-4C4D-A702-200A8EC00C48}"
EndProject
Global
	GlobalSection(SolutionConfigurationPlatforms) = preSolution
		Debug|Any CPU = Debug|Any CPU
		Release|Any CPU = Release|Any CPU
	EndGlobalSection
	GlobalSection(ProjectConfigurationPlatforms) = postSolution
		{05372F45-2357-43CF-A3BD-35987700CBE0}.Debug|Any CPU.ActiveCfg = Debug|Any CPU
		{05372F45-2357-43CF-A3BD-35987700CBE0}.Debug|Any CPU.Build.0 = Debug|Any CPU
		{05372F45-2357-43CF-A3BD-35987700CBE0}.Release|Any CPU.ActiveCfg = Release|Any CPU
		{05372F45-2357-43CF-A3BD-35987700CBE0}.Release|Any CPU.Build.0 = Release|Any CPU
		{7722093B-B15C-4041-A754-78D165CF4B28}.Debug|Any CPU.ActiveCfg = Debug|Any CPU
		{7722093B-B15C-4041-A754-78D165CF4B28}.Debug|Any CPU.Build.0 = Debug|Any CPU
		{7722093B-B15C-4041-A754-78D165CF4B28}.Release|Any CPU.ActiveCfg = Release|Any CPU
		{7722093B-B15C-4041-A754-78D165CF4B28}.Release|Any CPU.Build.0 = Release|Any CPU
		{2EDFF4C2-EEC6-4934-BC2A-1CCD05C3A5BA}.Debug|Any CPU.ActiveCfg = Debug|Any CPU
		{2EDFF4C2-EEC6-4934-BC2A-1CCD05C3A5BA}.Debug|Any CPU.Build.0 = Debug|Any CPU
		{2EDFF4C2-EEC6-4934-BC2A-1CCD05C3A5BA}.Release|Any CPU.ActiveCfg = Release|Any CPU
		{2EDFF4C2-EEC6-4934-BC2A-1CCD05C3A5BA}.Release|Any CPU.Build.0 = Release|Any CPU
		{339FCBBC-6FA0-4715-9C8B-A4AE8099C8A2}.Debug|Any CPU.ActiveCfg = Debug|Any CPU
		{339FCBBC-6FA0-4715-9C8B-A4AE8099C8A2}.Debug|Any CPU.Build.0 = Debug|Any CPU
		{339FCBBC-6FA0-4715-9C8B-A4AE8099C8A2}.Release|Any CPU.ActiveCfg = Release|Any CPU
		{339FCBBC-6FA0-4715-9C8B-A4AE8099C8A2}.Release|Any CPU.Build.0 = Release|Any CPU
		{FD3CF18D-18DB-4AE4-917C-F135124D636E}.Debug|Any CPU.ActiveCfg = Debug|Any CPU
		{FD3CF18D-18DB-4AE4-917C-F135124D636E}.Debug|Any CPU.Build.0 = Debug|Any CPU
		{FD3CF18D-18DB-4AE4-917C-F135124D636E}.Release|Any CPU.ActiveCfg = Release|Any CPU
		{FD3CF18D-18DB-4AE4-917C-F135124D636E}.Release|Any CPU.Build.0 = Release|Any CPU
		{21AEBD49-FBEC-4CFC-A9C6-7EE6008B4911}.Debug|Any CPU.ActiveCfg = Debug|Any CPU
		{21AEBD49-FBEC-4CFC-A9C6-7EE6008B4911}.Debug|Any CPU.Build.0 = Debug|Any CPU
		{21AEBD49-FBEC-4CFC-A9C6-7EE6008B4911}.Release|Any CPU.ActiveCfg = Release|Any CPU
		{21AEBD49-FBEC-4CFC-A9C6-7EE6008B4911}.Release|Any CPU.Build.0 = Release|Any CPU
		{9B52EEFE-6045-4195-AEC4-974BF980BCA4}.Debug|Any CPU.ActiveCfg = Debug|Any CPU
		{9B52EEFE-6045-4195-AEC4-974BF980BCA4}.Debug|Any CPU.Build.0 = Debug|Any CPU
		{9B52EEFE-6045-4195-AEC4-974BF980BCA4}.Release|Any CPU.ActiveCfg = Release|Any CPU
		{9B52EEFE-6045-4195-AEC4-974BF980BCA4}.Release|Any CPU.Build.0 = Release|Any CPU
		{0DA8E547-8DA0-4D76-AAF8-189EDE982F61}.Debug|Any CPU.ActiveCfg = Debug|Any CPU
		{0DA8E547-8DA0-4D76-AAF8-189EDE982F61}.Debug|Any CPU.Build.0 = Debug|Any CPU
		{0DA8E547-8DA0-4D76-AAF8-189EDE982F61}.Release|Any CPU.ActiveCfg = Release|Any CPU
		{0DA8E547-8DA0-4D76-AAF8-189EDE982F61}.Release|Any CPU.Build.0 = Release|Any CPU
		{8A2849A6-45E8-4FE0-BFBB-D10F06BCECF0}.Debug|Any CPU.ActiveCfg = Debug|Any CPU
		{8A2849A6-45E8-4FE0-BFBB-D10F06BCECF0}.Debug|Any CPU.Build.0 = Debug|Any CPU
		{8A2849A6-45E8-4FE0-BFBB-D10F06BCECF0}.Release|Any CPU.ActiveCfg = Release|Any CPU
		{8A2849A6-45E8-4FE0-BFBB-D10F06BCECF0}.Release|Any CPU.Build.0 = Release|Any CPU
		{82F40919-BD65-4C15-B624-8993A7E63891}.Debug|Any CPU.ActiveCfg = Debug|Any CPU
		{82F40919-BD65-4C15-B624-8993A7E63891}.Debug|Any CPU.Build.0 = Debug|Any CPU
		{82F40919-BD65-4C15-B624-8993A7E63891}.Release|Any CPU.ActiveCfg = Release|Any CPU
		{82F40919-BD65-4C15-B624-8993A7E63891}.Release|Any CPU.Build.0 = Release|Any CPU
		{5DDE2B1D-624A-4349-905A-3B7BA95BCE42}.Debug|Any CPU.ActiveCfg = Debug|Any CPU
		{5DDE2B1D-624A-4349-905A-3B7BA95BCE42}.Debug|Any CPU.Build.0 = Debug|Any CPU
		{5DDE2B1D-624A-4349-905A-3B7BA95BCE42}.Release|Any CPU.ActiveCfg = Release|Any CPU
		{5DDE2B1D-624A-4349-905A-3B7BA95BCE42}.Release|Any CPU.Build.0 = Release|Any CPU
		{7A30314C-D62B-4A24-AAE4-CDECED15B46C}.Debug|Any CPU.ActiveCfg = Debug|Any CPU
		{7A30314C-D62B-4A24-AAE4-CDECED15B46C}.Debug|Any CPU.Build.0 = Debug|Any CPU
		{7A30314C-D62B-4A24-AAE4-CDECED15B46C}.Release|Any CPU.ActiveCfg = Release|Any CPU
		{7A30314C-D62B-4A24-AAE4-CDECED15B46C}.Release|Any CPU.Build.0 = Release|Any CPU
		{310EA8C3-4130-4817-99F3-C7BDE310336F}.Debug|Any CPU.ActiveCfg = Debug|Any CPU
		{310EA8C3-4130-4817-99F3-C7BDE310336F}.Debug|Any CPU.Build.0 = Debug|Any CPU
		{310EA8C3-4130-4817-99F3-C7BDE310336F}.Release|Any CPU.ActiveCfg = Release|Any CPU
		{310EA8C3-4130-4817-99F3-C7BDE310336F}.Release|Any CPU.Build.0 = Release|Any CPU
		{597FB771-2828-4C4D-A702-200A8EC00C48}.Debug|Any CPU.ActiveCfg = Debug|Any CPU
		{597FB771-2828-4C4D-A702-200A8EC00C48}.Debug|Any CPU.Build.0 = Debug|Any CPU
		{597FB771-2828-4C4D-A702-200A8EC00C48}.Release|Any CPU.ActiveCfg = Release|Any CPU
		{597FB771-2828-4C4D-A702-200A8EC00C48}.Release|Any CPU.Build.0 = Release|Any CPU
	EndGlobalSection
EndGlobal
